
Microsoft Visual Studio Solution File, Format Version 12.00
# Visual Studio Version 16
VisualStudioVersion = 16.0.31025.218
MinimumVisualStudioVersion = 10.0.40219.1
Project("{9A19103F-16F7-4668-BE54-9A1E7A4F7556}") = "Geohash.SpatialIndex.Core", "Geohash.SpatialIndex.Core\Geohash.SpatialIndex.Core.csproj", "{55888CA8-12CC-4305-9911-3DF8118BEAA2}"
EndProject
Project("{9A19103F-16F7-4668-BE54-9A1E7A4F7556}") = "Geohash.SpatialIndex.Tests", "Geohash.SpatialIndex.Tests\Geohash.SpatialIndex.Tests.csproj", "{537DC4E5-7953-4BDA-B99F-A6DA74B44003}"
EndProject
Project("{9A19103F-16F7-4668-BE54-9A1E7A4F7556}") = "Geohash.SpatialIndex.Relations", "Geohash.SpatialIndex.Relations\Geohash.SpatialIndex.Relations.csproj", "{CA44C737-6F0F-42FC-8E7C-68CA19A9D6BC}"
EndProject
Global
	GlobalSection(SolutionConfigurationPlatforms) = preSolution
		Debug|Any CPU = Debug|Any CPU
		Release|Any CPU = Release|Any CPU
	EndGlobalSection
	GlobalSection(ProjectConfigurationPlatforms) = postSolution
		{55888CA8-12CC-4305-9911-3DF8118BEAA2}.Debug|Any CPU.ActiveCfg = Debug|Any CPU
		{55888CA8-12CC-4305-9911-3DF8118BEAA2}.Debug|Any CPU.Build.0 = Debug|Any CPU
		{55888CA8-12CC-4305-9911-3DF8118BEAA2}.Release|Any CPU.ActiveCfg = Release|Any CPU
		{55888CA8-12CC-4305-9911-3DF8118BEAA2}.Release|Any CPU.Build.0 = Release|Any CPU
		{537DC4E5-7953-4BDA-B99F-A6DA74B44003}.Debug|Any CPU.ActiveCfg = Debug|Any CPU
		{537DC4E5-7953-4BDA-B99F-A6DA74B44003}.Debug|Any CPU.Build.0 = Debug|Any CPU
		{537DC4E5-7953-4BDA-B99F-A6DA74B44003}.Release|Any CPU.ActiveCfg = Release|Any CPU
		{537DC4E5-7953-4BDA-B99F-A6DA74B44003}.Release|Any CPU.Build.0 = Release|Any CPU
		{CA44C737-6F0F-42FC-8E7C-68CA19A9D6BC}.Debug|Any CPU.ActiveCfg = Debug|Any CPU
		{CA44C737-6F0F-42FC-8E7C-68CA19A9D6BC}.Debug|Any CPU.Build.0 = Debug|Any CPU
		{CA44C737-6F0F-42FC-8E7C-68CA19A9D6BC}.Release|Any CPU.ActiveCfg = Release|Any CPU
		{CA44C737-6F0F-42FC-8E7C-68CA19A9D6BC}.Release|Any CPU.Build.0 = Release|Any CPU
	EndGlobalSection
	GlobalSection(SolutionProperties) = preSolution
		HideSolutionNode = FALSE
	EndGlobalSection
	GlobalSection(ExtensibilityGlobals) = postSolution
		SolutionGuid = {137130C3-CBA6-4179-BE5C-B5A20E06C7D4}
	EndGlobalSection
EndGlobal
